
Microsoft Visual Studio Solution File, Format Version 12.00
# Visual Studio Version 16
VisualStudioVersion = 16.0.29728.190
MinimumVisualStudioVersion = 10.0.40219.1
Project("{FAE04EC0-301F-11D3-BF4B-00C04F79EFBC}") = "MatrixAndVector", "MatrixAndVector\MatrixAndVector.csproj", "{8F3BCE6B-C071-4F61-AC98-66DB50CEE342}"
EndProject
Global
	GlobalSection(SolutionConfigurationPlatforms) = preSolution
		Debug|Any CPU = Debug|Any CPU
		Release|Any CPU = Release|Any CPU
	EndGlobalSection
	GlobalSection(ProjectConfigurationPlatforms) = postSolution
		{8F3BCE6B-C071-4F61-AC98-66DB50CEE342}.Debug|Any CPU.ActiveCfg = Debug|Any CPU
		{8F3BCE6B-C071-4F61-AC98-66DB50CEE342}.Debug|Any CPU.Build.0 = Debug|Any CPU
		{8F3BCE6B-C071-4F61-AC98-66DB50CEE342}.Release|Any CPU.ActiveCfg = Release|Any CPU
		{8F3BCE6B-C071-4F61-AC98-66DB50CEE342}.Release|Any CPU.Build.0 = Release|Any CPU
	EndGlobalSection
	GlobalSection(SolutionProperties) = preSolution
		HideSolutionNode = FALSE
	EndGlobalSection
	GlobalSection(ExtensibilityGlobals) = postSolution
		SolutionGuid = {E1EA3387-F939-4C25-9E30-CB5CB874DC05}
	EndGlobalSection
EndGlobal
